{
  "name": "spellcheckjs",
  "version": "1.0.0",
  "lockfileVersion": 2,
  "requires": true,
  "packages": {
    "": {
      "name": "spellcheckjs",
      "version": "1.0.0",
      "license": "GPL-3.0-or-later",
      "dependencies": {
        "@spellcheckjs/spellcheckjs": "github:SpellCheckJS/SpellCheckJS"
      }
    },
    "node_modules/@spellcheckjs/spellcheckjs": {
      "version": "1.0.0",
      "resolved": "git+ssh://git@github.com/SpellCheckJS/SpellCheckJS.git#cd229869d7ea179ddd1467ea4c018292176aae22",
      "license": "GPL-3.0-or-later"
    }
  },
  "dependencies": {
    "@spellcheckjs/spellcheckjs": {
      "version": "git+ssh://git@github.com/SpellCheckJS/SpellCheckJS.git#cd229869d7ea179ddd1467ea4c018292176aae22",
      "from": "@spellcheckjs/spellcheckjs@SpellCheckJS/SpellCheckJS"
    }
  }
}
